
Microsoft Visual Studio Solution File, Format Version 12.00
# Visual Studio 15
VisualStudioVersion = 15.0.26730.16
MinimumVisualStudioVersion = 10.0.40219.1
Project("{FAE04EC0-301F-11D3-BF4B-00C04F79EFBC}") = "BL1", "ClassLibrary1\BL1.csproj", "{803E6A42-2D24-4A18-AC52-5914ABD6B5F2}"
EndProject
Global
	GlobalSection(SolutionConfigurationPlatforms) = preSolution
		Debug|Any CPU = Debug|Any CPU
		Release|Any CPU = Release|Any CPU
	EndGlobalSection
	GlobalSection(ProjectConfigurationPlatforms) = postSolution
		{803E6A42-2D24-4A18-AC52-5914ABD6B5F2}.Debug|Any CPU.ActiveCfg = Debug|Any CPU
		{803E6A42-2D24-4A18-AC52-5914ABD6B5F2}.Debug|Any CPU.Build.0 = Debug|Any CPU
		{803E6A42-2D24-4A18-AC52-5914ABD6B5F2}.Release|Any CPU.ActiveCfg = Release|Any CPU
		{803E6A42-2D24-4A18-AC52-5914ABD6B5F2}.Release|Any CPU.Build.0 = Release|Any CPU
	EndGlobalSection
	GlobalSection(SolutionProperties) = preSolution
		HideSolutionNode = FALSE
	EndGlobalSection
	GlobalSection(ExtensibilityGlobals) = postSolution
		SolutionGuid = {D59F31DE-24BE-4276-83E5-C5400479DA54}
	EndGlobalSection
EndGlobal
