
Microsoft Visual Studio Solution File, Format Version 12.00
# Visual Studio 15
VisualStudioVersion = 15.0.26730.16
MinimumVisualStudioVersion = 10.0.40219.1
Project("{FAE04EC0-301F-11D3-BF4B-00C04F79EFBC}") = "20.Graf", "20.Graf\20.Graf.csproj", "{D441FC64-5775-42E8-86D9-F87C60DFC57B}"
EndProject
Project("{FAE04EC0-301F-11D3-BF4B-00C04F79EFBC}") = "20.Sort", "..\20.Sort\20.Sort\20.Sort.csproj", "{9E2E253C-5C8B-4C7F-8917-6579B85D1FF3}"
EndProject
Project("{FAE04EC0-301F-11D3-BF4B-00C04F79EFBC}") = "20.5", "..\20.4\20.4\20.5.csproj", "{8C160082-6114-417D-9EB4-550D1196FE78}"
EndProject
Project("{FAE04EC0-301F-11D3-BF4B-00C04F79EFBC}") = "20.2", "..\20.2\20.2\20.2.csproj", "{C0F00ADF-E403-4212-A461-88491170A632}"
EndProject
Project("{FAE04EC0-301F-11D3-BF4B-00C04F79EFBC}") = "20", "..\20\20\20.csproj", "{769884EB-73DC-44AA-8482-C52FF8814FC1}"
EndProject
Project("{FAE04EC0-301F-11D3-BF4B-00C04F79EFBC}") = "BL1", "..\ClassLibrary1\ClassLibrary1\BL1.csproj", "{803E6A42-2D24-4A18-AC52-5914ABD6B5F2}"
EndProject
Global
	GlobalSection(SolutionConfigurationPlatforms) = preSolution
		Debug|Any CPU = Debug|Any CPU
		Release|Any CPU = Release|Any CPU
	EndGlobalSection
	GlobalSection(ProjectConfigurationPlatforms) = postSolution
		{D441FC64-5775-42E8-86D9-F87C60DFC57B}.Debug|Any CPU.ActiveCfg = Debug|Any CPU
		{D441FC64-5775-42E8-86D9-F87C60DFC57B}.Debug|Any CPU.Build.0 = Debug|Any CPU
		{D441FC64-5775-42E8-86D9-F87C60DFC57B}.Release|Any CPU.ActiveCfg = Release|Any CPU
		{D441FC64-5775-42E8-86D9-F87C60DFC57B}.Release|Any CPU.Build.0 = Release|Any CPU
		{9E2E253C-5C8B-4C7F-8917-6579B85D1FF3}.Debug|Any CPU.ActiveCfg = Debug|Any CPU
		{9E2E253C-5C8B-4C7F-8917-6579B85D1FF3}.Debug|Any CPU.Build.0 = Debug|Any CPU
		{9E2E253C-5C8B-4C7F-8917-6579B85D1FF3}.Release|Any CPU.ActiveCfg = Release|Any CPU
		{9E2E253C-5C8B-4C7F-8917-6579B85D1FF3}.Release|Any CPU.Build.0 = Release|Any CPU
		{8C160082-6114-417D-9EB4-550D1196FE78}.Debug|Any CPU.ActiveCfg = Debug|Any CPU
		{8C160082-6114-417D-9EB4-550D1196FE78}.Debug|Any CPU.Build.0 = Debug|Any CPU
		{8C160082-6114-417D-9EB4-550D1196FE78}.Release|Any CPU.ActiveCfg = Release|Any CPU
		{8C160082-6114-417D-9EB4-550D1196FE78}.Release|Any CPU.Build.0 = Release|Any CPU
		{C0F00ADF-E403-4212-A461-88491170A632}.Debug|Any CPU.ActiveCfg = Debug|Any CPU
		{C0F00ADF-E403-4212-A461-88491170A632}.Debug|Any CPU.Build.0 = Debug|Any CPU
		{C0F00ADF-E403-4212-A461-88491170A632}.Release|Any CPU.ActiveCfg = Release|Any CPU
		{C0F00ADF-E403-4212-A461-88491170A632}.Release|Any CPU.Build.0 = Release|Any CPU
		{769884EB-73DC-44AA-8482-C52FF8814FC1}.Debug|Any CPU.ActiveCfg = Debug|Any CPU
		{769884EB-73DC-44AA-8482-C52FF8814FC1}.Debug|Any CPU.Build.0 = Debug|Any CPU
		{769884EB-73DC-44AA-8482-C52FF8814FC1}.Release|Any CPU.ActiveCfg = Release|Any CPU
		{769884EB-73DC-44AA-8482-C52FF8814FC1}.Release|Any CPU.Build.0 = Release|Any CPU
		{803E6A42-2D24-4A18-AC52-5914ABD6B5F2}.Debug|Any CPU.ActiveCfg = Debug|Any CPU
		{803E6A42-2D24-4A18-AC52-5914ABD6B5F2}.Debug|Any CPU.Build.0 = Debug|Any CPU
		{803E6A42-2D24-4A18-AC52-5914ABD6B5F2}.Release|Any CPU.ActiveCfg = Release|Any CPU
		{803E6A42-2D24-4A18-AC52-5914ABD6B5F2}.Release|Any CPU.Build.0 = Release|Any CPU
	EndGlobalSection
	GlobalSection(SolutionProperties) = preSolution
		HideSolutionNode = FALSE
	EndGlobalSection
	GlobalSection(ExtensibilityGlobals) = postSolution
		SolutionGuid = {D7124CDF-E2FF-4C45-AB8C-7E471FD01CBA}
	EndGlobalSection
EndGlobal
